
Microsoft Visual Studio Solution File, Format Version 12.00
# Visual Studio Version 16
VisualStudioVersion = 16.0.30907.101
MinimumVisualStudioVersion = 10.0.40219.1
Project("{FAE04EC0-301F-11D3-BF4B-00C04F79EFBC}") = "TestForum", "TestForum\TestForum.csproj", "{F76AA301-750C-4BA5-9D56-73E0DABB17FD}"
EndProject
Global
	GlobalSection(SolutionConfigurationPlatforms) = preSolution
		Debug|Any CPU = Debug|Any CPU
		Release|Any CPU = Release|Any CPU
	EndGlobalSection
	GlobalSection(ProjectConfigurationPlatforms) = postSolution
		{F76AA301-750C-4BA5-9D56-73E0DABB17FD}.Debug|Any CPU.ActiveCfg = Debug|Any CPU
		{F76AA301-750C-4BA5-9D56-73E0DABB17FD}.Debug|Any CPU.Build.0 = Debug|Any CPU
		{F76AA301-750C-4BA5-9D56-73E0DABB17FD}.Release|Any CPU.ActiveCfg = Release|Any CPU
		{F76AA301-750C-4BA5-9D56-73E0DABB17FD}.Release|Any CPU.Build.0 = Release|Any CPU
	EndGlobalSection
	GlobalSection(SolutionProperties) = preSolution
		HideSolutionNode = FALSE
	EndGlobalSection
	GlobalSection(ExtensibilityGlobals) = postSolution
		SolutionGuid = {397D0C26-3A09-43D2-BE7E-BD056C1829E9}
	EndGlobalSection
EndGlobal
